// !$*UTF8*$!
{
	archiveVersion = 1;
	classes = {
	};
	objectVersion = 50;
	objects = {

/* Begin PBXBuildFile section */
		9507C0C125B23F8000875AD9 /* waitingChats.json in Resources */ = {isa = PBXBuildFile; fileRef = 9507C0C025B23F8000875AD9 /* waitingChats.json */; };
		9507C0C325B23F8A00875AD9 /* activeChats.json in Resources */ = {isa = PBXBuildFile; fileRef = 9507C0C225B23F8A00875AD9 /* activeChats.json */; };
		9507C0C525B2401600875AD9 /* Bundle-Decodable.swift in Sources */ = {isa = PBXBuildFile; fileRef = 9507C0C425B2401600875AD9 /* Bundle-Decodable.swift */; };
		9507C0C825B254ED00875AD9 /* ActiveChatCell.swift in Sources */ = {isa = PBXBuildFile; fileRef = 9507C0C725B254ED00875AD9 /* ActiveChatCell.swift */; };
		95192674258BAD460040715A /* ButtonFormView.swift in Sources */ = {isa = PBXBuildFile; fileRef = 95192673258BAD450040715A /* ButtonFormView.swift */; };
		95192676258BADD30040715A /* Constraint + Extension.swift in Sources */ = {isa = PBXBuildFile; fileRef = 95192675258BADD30040715A /* Constraint + Extension.swift */; };
		95192678258BB4D00040715A /* StackView + Extension.swift in Sources */ = {isa = PBXBuildFile; fileRef = 95192677258BB4D00040715A /* StackView + Extension.swift */; };
		9535133025B7915C00A42E8E /* users.json in Resources */ = {isa = PBXBuildFile; fileRef = 9535132F25B7915C00A42E8E /* users.json */; };
		9535133225B7927000A42E8E /* MChat.swift in Sources */ = {isa = PBXBuildFile; fileRef = 9535133125B7927000A42E8E /* MChat.swift */; };
		9535133425B792BE00A42E8E /* MUser.swift in Sources */ = {isa = PBXBuildFile; fileRef = 9535133325B792BE00A42E8E /* MUser.swift */; };
		953B13FD258BF6EB00FBA3DA /* SignUpViewController.swift in Sources */ = {isa = PBXBuildFile; fileRef = 953B13FC258BF6EB00FBA3DA /* SignUpViewController.swift */; };
		953B13FF258C1A2700FBA3DA /* OneLineTextField.swift in Sources */ = {isa = PBXBuildFile; fileRef = 953B13FE258C1A2700FBA3DA /* OneLineTextField.swift */; };
		9567BD9225896550000DD6F2 /* UIButton + Extension.swift in Sources */ = {isa = PBXBuildFile; fileRef = 9567BD9125896550000DD6F2 /* UIButton + Extension.swift */; };
		9567BD94258975BD000DD6F2 /* UIFont + Extension.swift in Sources */ = {isa = PBXBuildFile; fileRef = 9567BD93258975BD000DD6F2 /* UIFont + Extension.swift */; };
		9567BD962589768C000DD6F2 /* UIColor + Extension.swift in Sources */ = {isa = PBXBuildFile; fileRef = 9567BD952589768C000DD6F2 /* UIColor + Extension.swift */; };
		9567BD9825897898000DD6F2 /* UILabel + Extension.swift in Sources */ = {isa = PBXBuildFile; fileRef = 9567BD9725897898000DD6F2 /* UILabel + Extension.swift */; };
		9567BD9A2589799C000DD6F2 /* UIImageView + Extension.swift in Sources */ = {isa = PBXBuildFile; fileRef = 9567BD992589799C000DD6F2 /* UIImageView + Extension.swift */; };
		9575B3FF25B8B72600246340 /* UserCell.swift in Sources */ = {isa = PBXBuildFile; fileRef = 9575B3FE25B8B72600246340 /* UserCell.swift */; };
		9575B40125B8B9E200246340 /* UIViewController + Extension.swift in Sources */ = {isa = PBXBuildFile; fileRef = 9575B40025B8B9E200246340 /* UIViewController + Extension.swift */; };
		959DB0B325B33B5900DE9F63 /* GradientView.swift in Sources */ = {isa = PBXBuildFile; fileRef = 959DB0B225B33B5900DE9F63 /* GradientView.swift */; };
		959DB0B525B33FB300DE9F63 /* WaitingChatCell.swift in Sources */ = {isa = PBXBuildFile; fileRef = 959DB0B425B33FB300DE9F63 /* WaitingChatCell.swift */; };
		959DB0B725B34D5000DE9F63 /* SelfConfiguringCellProtocol.swift in Sources */ = {isa = PBXBuildFile; fileRef = 959DB0B625B34D5000DE9F63 /* SelfConfiguringCellProtocol.swift */; };
		95B1A5BC2592799B00D174B3 /* ListViewController.swift in Sources */ = {isa = PBXBuildFile; fileRef = 95B1A5BB2592799B00D174B3 /* ListViewController.swift */; };
		95B1A5BF25927EE200D174B3 /* PeopleViewController.swift in Sources */ = {isa = PBXBuildFile; fileRef = 95B1A5BE25927EE200D174B3 /* PeopleViewController.swift */; };
		95B1A5C125927F3800D174B3 /* MainTabBarController.swift in Sources */ = {isa = PBXBuildFile; fileRef = 95B1A5C025927F3800D174B3 /* MainTabBarController.swift */; };
		95C14EED25B4F57E002CBDA4 /* SectionHeader.swift in Sources */ = {isa = PBXBuildFile; fileRef = 95C14EEC25B4F57E002CBDA4 /* SectionHeader.swift */; };
		95E41F99258D0F8D009019BB /* LoginViewController.swift in Sources */ = {isa = PBXBuildFile; fileRef = 95E41F98258D0F8D009019BB /* LoginViewController.swift */; };
		95E41F9B258D1DD8009019BB /* SetupProfileViewController.swift in Sources */ = {isa = PBXBuildFile; fileRef = 95E41F9A258D1DD8009019BB /* SetupProfileViewController.swift */; };
		95E41F9D258D20E2009019BB /* AddPhotoView.swift in Sources */ = {isa = PBXBuildFile; fileRef = 95E41F9C258D20E2009019BB /* AddPhotoView.swift */; };
		95E41F9F258D4EA0009019BB /* SegmentedControl + Extension.swift in Sources */ = {isa = PBXBuildFile; fileRef = 95E41F9E258D4EA0009019BB /* SegmentedControl + Extension.swift */; };
		95FF230A2589551400C78FDA /* AppDelegate.swift in Sources */ = {isa = PBXBuildFile; fileRef = 95FF23092589551400C78FDA /* AppDelegate.swift */; };
		95FF230C2589551400C78FDA /* SceneDelegate.swift in Sources */ = {isa = PBXBuildFile; fileRef = 95FF230B2589551400C78FDA /* SceneDelegate.swift */; };
		95FF230E2589551400C78FDA /* AuthViewController.swift in Sources */ = {isa = PBXBuildFile; fileRef = 95FF230D2589551400C78FDA /* AuthViewController.swift */; };
		95FF23132589551800C78FDA /* Assets.xcassets in Resources */ = {isa = PBXBuildFile; fileRef = 95FF23122589551800C78FDA /* Assets.xcassets */; };
		95FF23162589551800C78FDA /* LaunchScreen.storyboard in Resources */ = {isa = PBXBuildFile; fileRef = 95FF23142589551800C78FDA /* LaunchScreen.storyboard */; };
/* End PBXBuildFile section */

/* Begin PBXFileReference section */
		9507C0C025B23F8000875AD9 /* waitingChats.json */ = {isa = PBXFileReference; fileEncoding = 4; lastKnownFileType = text.json; path = waitingChats.json; sourceTree = "<group>"; };
		9507C0C225B23F8A00875AD9 /* activeChats.json */ = {isa = PBXFileReference; fileEncoding = 4; lastKnownFileType = text.json; path = activeChats.json; sourceTree = "<group>"; };
		9507C0C425B2401600875AD9 /* Bundle-Decodable.swift */ = {isa = PBXFileReference; lastKnownFileType = sourcecode.swift; path = "Bundle-Decodable.swift"; sourceTree = "<group>"; };
		9507C0C725B254ED00875AD9 /* ActiveChatCell.swift */ = {isa = PBXFileReference; lastKnownFileType = sourcecode.swift; path = ActiveChatCell.swift; sourceTree = "<group>"; };
		95192673258BAD450040715A /* ButtonFormView.swift */ = {isa = PBXFileReference; lastKnownFileType = sourcecode.swift; path = ButtonFormView.swift; sourceTree = "<group>"; };
		95192675258BADD30040715A /* Constraint + Extension.swift */ = {isa = PBXFileReference; lastKnownFileType = sourcecode.swift; path = "Constraint + Extension.swift"; sourceTree = "<group>"; };
		95192677258BB4D00040715A /* StackView + Extension.swift */ = {isa = PBXFileReference; lastKnownFileType = sourcecode.swift; path = "StackView + Extension.swift"; sourceTree = "<group>"; };
		9535132F25B7915C00A42E8E /* users.json */ = {isa = PBXFileReference; fileEncoding = 4; lastKnownFileType = text.json; path = users.json; sourceTree = "<group>"; };
		9535133125B7927000A42E8E /* MChat.swift */ = {isa = PBXFileReference; lastKnownFileType = sourcecode.swift; path = MChat.swift; sourceTree = "<group>"; };
		9535133325B792BE00A42E8E /* MUser.swift */ = {isa = PBXFileReference; lastKnownFileType = sourcecode.swift; path = MUser.swift; sourceTree = "<group>"; };
		953B13FC258BF6EB00FBA3DA /* SignUpViewController.swift */ = {isa = PBXFileReference; lastKnownFileType = sourcecode.swift; path = SignUpViewController.swift; sourceTree = "<group>"; };
		953B13FE258C1A2700FBA3DA /* OneLineTextField.swift */ = {isa = PBXFileReference; lastKnownFileType = sourcecode.swift; path = OneLineTextField.swift; sourceTree = "<group>"; };
		9567BD9125896550000DD6F2 /* UIButton + Extension.swift */ = {isa = PBXFileReference; lastKnownFileType = sourcecode.swift; path = "UIButton + Extension.swift"; sourceTree = "<group>"; };
		9567BD93258975BD000DD6F2 /* UIFont + Extension.swift */ = {isa = PBXFileReference; lastKnownFileType = sourcecode.swift; path = "UIFont + Extension.swift"; sourceTree = "<group>"; };
		9567BD952589768C000DD6F2 /* UIColor + Extension.swift */ = {isa = PBXFileReference; lastKnownFileType = sourcecode.swift; path = "UIColor + Extension.swift"; sourceTree = "<group>"; };
		9567BD9725897898000DD6F2 /* UILabel + Extension.swift */ = {isa = PBXFileReference; lastKnownFileType = sourcecode.swift; path = "UILabel + Extension.swift"; sourceTree = "<group>"; };
		9567BD992589799C000DD6F2 /* UIImageView + Extension.swift */ = {isa = PBXFileReference; lastKnownFileType = sourcecode.swift; path = "UIImageView + Extension.swift"; sourceTree = "<group>"; };
		9575B3FE25B8B72600246340 /* UserCell.swift */ = {isa = PBXFileReference; lastKnownFileType = sourcecode.swift; path = UserCell.swift; sourceTree = "<group>"; };
		9575B40025B8B9E200246340 /* UIViewController + Extension.swift */ = {isa = PBXFileReference; lastKnownFileType = sourcecode.swift; path = "UIViewController + Extension.swift"; sourceTree = "<group>"; };
		959DB0B225B33B5900DE9F63 /* GradientView.swift */ = {isa = PBXFileReference; lastKnownFileType = sourcecode.swift; path = GradientView.swift; sourceTree = "<group>"; };
		959DB0B425B33FB300DE9F63 /* WaitingChatCell.swift */ = {isa = PBXFileReference; lastKnownFileType = sourcecode.swift; path = WaitingChatCell.swift; sourceTree = "<group>"; };
		959DB0B625B34D5000DE9F63 /* SelfConfiguringCellProtocol.swift */ = {isa = PBXFileReference; lastKnownFileType = sourcecode.swift; path = SelfConfiguringCellProtocol.swift; sourceTree = "<group>"; };
		95B1A5BB2592799B00D174B3 /* ListViewController.swift */ = {isa = PBXFileReference; lastKnownFileType = sourcecode.swift; path = ListViewController.swift; sourceTree = "<group>"; };
		95B1A5BE25927EE200D174B3 /* PeopleViewController.swift */ = {isa = PBXFileReference; lastKnownFileType = sourcecode.swift; path = PeopleViewController.swift; sourceTree = "<group>"; };
		95B1A5C025927F3800D174B3 /* MainTabBarController.swift */ = {isa = PBXFileReference; lastKnownFileType = sourcecode.swift; path = MainTabBarController.swift; sourceTree = "<group>"; };
		95C14EEC25B4F57E002CBDA4 /* SectionHeader.swift */ = {isa = PBXFileReference; lastKnownFileType = sourcecode.swift; path = SectionHeader.swift; sourceTree = "<group>"; };
		95E41F98258D0F8D009019BB /* LoginViewController.swift */ = {isa = PBXFileReference; lastKnownFileType = sourcecode.swift; path = LoginViewController.swift; sourceTree = "<group>"; };
		95E41F9A258D1DD8009019BB /* SetupProfileViewController.swift */ = {isa = PBXFileReference; lastKnownFileType = sourcecode.swift; path = SetupProfileViewController.swift; sourceTree = "<group>"; };
		95E41F9C258D20E2009019BB /* AddPhotoView.swift */ = {isa = PBXFileReference; lastKnownFileType = sourcecode.swift; path = AddPhotoView.swift; sourceTree = "<group>"; };
		95E41F9E258D4EA0009019BB /* SegmentedControl + Extension.swift */ = {isa = PBXFileReference; lastKnownFileType = sourcecode.swift; path = "SegmentedControl + Extension.swift"; sourceTree = "<group>"; };
		95FF23062589551400C78FDA /* IChat.app */ = {isa = PBXFileReference; explicitFileType = wrapper.application; includeInIndex = 0; path = IChat.app; sourceTree = BUILT_PRODUCTS_DIR; };
		95FF23092589551400C78FDA /* AppDelegate.swift */ = {isa = PBXFileReference; lastKnownFileType = sourcecode.swift; path = AppDelegate.swift; sourceTree = "<group>"; };
		95FF230B2589551400C78FDA /* SceneDelegate.swift */ = {isa = PBXFileReference; lastKnownFileType = sourcecode.swift; path = SceneDelegate.swift; sourceTree = "<group>"; };
		95FF230D2589551400C78FDA /* AuthViewController.swift */ = {isa = PBXFileReference; lastKnownFileType = sourcecode.swift; path = AuthViewController.swift; sourceTree = "<group>"; };
		95FF23122589551800C78FDA /* Assets.xcassets */ = {isa = PBXFileReference; lastKnownFileType = folder.assetcatalog; path = Assets.xcassets; sourceTree = "<group>"; };
		95FF23152589551800C78FDA /* Base */ = {isa = PBXFileReference; lastKnownFileType = file.storyboard; name = Base; path = Base.lproj/LaunchScreen.storyboard; sourceTree = "<group>"; };
		95FF23172589551800C78FDA /* Info.plist */ = {isa = PBXFileReference; lastKnownFileType = text.plist.xml; path = Info.plist; sourceTree = "<group>"; };
/* End PBXFileReference section */

/* Begin PBXFrameworksBuildPhase section */
		95FF23032589551400C78FDA /* Frameworks */ = {
			isa = PBXFrameworksBuildPhase;
			buildActionMask = 2147483647;
			files = (
			);
			runOnlyForDeploymentPostprocessing = 0;
		};
/* End PBXFrameworksBuildPhase section */

/* Begin PBXGroup section */
		9507C0C625B254D200875AD9 /* Cell */ = {
			isa = PBXGroup;
			children = (
				9507C0C725B254ED00875AD9 /* ActiveChatCell.swift */,
				959DB0B425B33FB300DE9F63 /* WaitingChatCell.swift */,
				9575B3FE25B8B72600246340 /* UserCell.swift */,
				959DB0B625B34D5000DE9F63 /* SelfConfiguringCellProtocol.swift */,
			);
			path = Cell;
			sourceTree = "<group>";
		};
		9535132E25B7913300A42E8E /* Header */ = {
			isa = PBXGroup;
			children = (
				95C14EEC25B4F57E002CBDA4 /* SectionHeader.swift */,
			);
			path = Header;
			sourceTree = "<group>";
		};
		9535133525B7930400A42E8E /* Models */ = {
			isa = PBXGroup;
			children = (
				9535133125B7927000A42E8E /* MChat.swift */,
				9535133325B792BE00A42E8E /* MUser.swift */,
			);
			path = Models;
			sourceTree = "<group>";
		};
		95960565258BAAD0002F0A84 /* UIKit */ = {
			isa = PBXGroup;
			children = (
				9567BD9125896550000DD6F2 /* UIButton + Extension.swift */,
				9575B40025B8B9E200246340 /* UIViewController + Extension.swift */,
				95192677258BB4D00040715A /* StackView + Extension.swift */,
				9567BD93258975BD000DD6F2 /* UIFont + Extension.swift */,
				9567BD9725897898000DD6F2 /* UILabel + Extension.swift */,
				9567BD952589768C000DD6F2 /* UIColor + Extension.swift */,
				9567BD992589799C000DD6F2 /* UIImageView + Extension.swift */,
				95E41F9E258D4EA0009019BB /* SegmentedControl + Extension.swift */,
				9507C0C025B23F8000875AD9 /* waitingChats.json */,
				9535132F25B7915C00A42E8E /* users.json */,
				9507C0C225B23F8A00875AD9 /* activeChats.json */,
			);
			path = UIKit;
			sourceTree = "<group>";
		};
		95960566258BAADC002F0A84 /* Extensions */ = {
			isa = PBXGroup;
			children = (
				95192673258BAD450040715A /* ButtonFormView.swift */,
				95E41F9C258D20E2009019BB /* AddPhotoView.swift */,
				953B13FE258C1A2700FBA3DA /* OneLineTextField.swift */,
				959DB0B225B33B5900DE9F63 /* GradientView.swift */,
				95192675258BADD30040715A /* Constraint + Extension.swift */,
				9507C0C425B2401600875AD9 /* Bundle-Decodable.swift */,
				95960565258BAAD0002F0A84 /* UIKit */,
			);
			path = Extensions;
			sourceTree = "<group>";
		};
		95B1A5BA2592795B00D174B3 /* SignIn&Auth */ = {
			isa = PBXGroup;
			children = (
				95FF230D2589551400C78FDA /* AuthViewController.swift */,
				953B13FC258BF6EB00FBA3DA /* SignUpViewController.swift */,
				95E41F98258D0F8D009019BB /* LoginViewController.swift */,
				95E41F9A258D1DD8009019BB /* SetupProfileViewController.swift */,
			);
			path = "SignIn&Auth";
			sourceTree = "<group>";
		};
		95B1A5BD25927EC000D174B3 /* Controllers */ = {
			isa = PBXGroup;
			children = (
				95B1A5C025927F3800D174B3 /* MainTabBarController.swift */,
				95B1A5BE25927EE200D174B3 /* PeopleViewController.swift */,
				95B1A5BB2592799B00D174B3 /* ListViewController.swift */,
				9507C0C625B254D200875AD9 /* Cell */,
				9535132E25B7913300A42E8E /* Header */,
			);
			path = Controllers;
			sourceTree = "<group>";
		};
		95FF22FD2589551400C78FDA = {
			isa = PBXGroup;
			children = (
				95FF23082589551400C78FDA /* IChat */,
				95FF23072589551400C78FDA /* Products */,
			);
			sourceTree = "<group>";
		};
		95FF23072589551400C78FDA /* Products */ = {
			isa = PBXGroup;
			children = (
				95FF23062589551400C78FDA /* IChat.app */,
			);
			name = Products;
			sourceTree = "<group>";
		};
		95FF23082589551400C78FDA /* IChat */ = {
			isa = PBXGroup;
			children = (
				95FF23092589551400C78FDA /* AppDelegate.swift */,
				95FF230B2589551400C78FDA /* SceneDelegate.swift */,
				9535133525B7930400A42E8E /* Models */,
				95B1A5BD25927EC000D174B3 /* Controllers */,
				95B1A5BA2592795B00D174B3 /* SignIn&Auth */,
				95960566258BAADC002F0A84 /* Extensions */,
				95FF23122589551800C78FDA /* Assets.xcassets */,
				95FF23142589551800C78FDA /* LaunchScreen.storyboard */,
				95FF23172589551800C78FDA /* Info.plist */,
			);
			path = IChat;
			sourceTree = "<group>";
		};
/* End PBXGroup section */

/* Begin PBXNativeTarget section */
		95FF23052589551400C78FDA /* IChat */ = {
			isa = PBXNativeTarget;
			buildConfigurationList = 95FF231A2589551800C78FDA /* Build configuration list for PBXNativeTarget "IChat" */;
			buildPhases = (
				95FF23022589551400C78FDA /* Sources */,
				95FF23032589551400C78FDA /* Frameworks */,
				95FF23042589551400C78FDA /* Resources */,
			);
			buildRules = (
			);
			dependencies = (
			);
			name = IChat;
			productName = IChat;
			productReference = 95FF23062589551400C78FDA /* IChat.app */;
			productType = "com.apple.product-type.application";
		};
/* End PBXNativeTarget section */

/* Begin PBXProject section */
		95FF22FE2589551400C78FDA /* Project object */ = {
			isa = PBXProject;
			attributes = {
				LastSwiftUpdateCheck = 1150;
				LastUpgradeCheck = 1150;
				ORGANIZATIONNAME = "Ramil Davletshin";
				TargetAttributes = {
					95FF23052589551400C78FDA = {
						CreatedOnToolsVersion = 11.5;
					};
				};
			};
			buildConfigurationList = 95FF23012589551400C78FDA /* Build configuration list for PBXProject "IChat" */;
			compatibilityVersion = "Xcode 9.3";
			developmentRegion = en;
			hasScannedForEncodings = 0;
			knownRegions = (
				en,
				Base,
			);
			mainGroup = 95FF22FD2589551400C78FDA;
			productRefGroup = 95FF23072589551400C78FDA /* Products */;
			projectDirPath = "";
			projectRoot = "";
			targets = (
				95FF23052589551400C78FDA /* IChat */,
			);
		};
/* End PBXProject section */

/* Begin PBXResourcesBuildPhase section */
		95FF23042589551400C78FDA /* Resources */ = {
			isa = PBXResourcesBuildPhase;
			buildActionMask = 2147483647;
			files = (
				9535133025B7915C00A42E8E /* users.json in Resources */,
				9507C0C125B23F8000875AD9 /* waitingChats.json in Resources */,
				95FF23162589551800C78FDA /* LaunchScreen.storyboard in Resources */,
				95FF23132589551800C78FDA /* Assets.xcassets in Resources */,
				9507C0C325B23F8A00875AD9 /* activeChats.json in Resources */,
			);
			runOnlyForDeploymentPostprocessing = 0;
		};
/* End PBXResourcesBuildPhase section */

/* Begin PBXSourcesBuildPhase section */
		95FF23022589551400C78FDA /* Sources */ = {
			isa = PBXSourcesBuildPhase;
			buildActionMask = 2147483647;
			files = (
				9535133225B7927000A42E8E /* MChat.swift in Sources */,
				95E41F99258D0F8D009019BB /* LoginViewController.swift in Sources */,
				959DB0B325B33B5900DE9F63 /* GradientView.swift in Sources */,
				959DB0B725B34D5000DE9F63 /* SelfConfiguringCellProtocol.swift in Sources */,
				9567BD94258975BD000DD6F2 /* UIFont + Extension.swift in Sources */,
				95B1A5C125927F3800D174B3 /* MainTabBarController.swift in Sources */,
				95FF230E2589551400C78FDA /* AuthViewController.swift in Sources */,
				95E41F9B258D1DD8009019BB /* SetupProfileViewController.swift in Sources */,
				9507C0C525B2401600875AD9 /* Bundle-Decodable.swift in Sources */,
				95FF230A2589551400C78FDA /* AppDelegate.swift in Sources */,
				95B1A5BF25927EE200D174B3 /* PeopleViewController.swift in Sources */,
				95192678258BB4D00040715A /* StackView + Extension.swift in Sources */,
				95192674258BAD460040715A /* ButtonFormView.swift in Sources */,
				95C14EED25B4F57E002CBDA4 /* SectionHeader.swift in Sources */,
				95192676258BADD30040715A /* Constraint + Extension.swift in Sources */,
				953B13FD258BF6EB00FBA3DA /* SignUpViewController.swift in Sources */,
				9575B40125B8B9E200246340 /* UIViewController + Extension.swift in Sources */,
				9575B3FF25B8B72600246340 /* UserCell.swift in Sources */,
				9567BD9825897898000DD6F2 /* UILabel + Extension.swift in Sources */,
				9567BD9A2589799C000DD6F2 /* UIImageView + Extension.swift in Sources */,
				9535133425B792BE00A42E8E /* MUser.swift in Sources */,
				95E41F9D258D20E2009019BB /* AddPhotoView.swift in Sources */,
				9567BD962589768C000DD6F2 /* UIColor + Extension.swift in Sources */,
				95FF230C2589551400C78FDA /* SceneDelegate.swift in Sources */,
				95B1A5BC2592799B00D174B3 /* ListViewController.swift in Sources */,
				959DB0B525B33FB300DE9F63 /* WaitingChatCell.swift in Sources */,
				953B13FF258C1A2700FBA3DA /* OneLineTextField.swift in Sources */,
				9507C0C825B254ED00875AD9 /* ActiveChatCell.swift in Sources */,
				9567BD9225896550000DD6F2 /* UIButton + Extension.swift in Sources */,
				95E41F9F258D4EA0009019BB /* SegmentedControl + Extension.swift in Sources */,
			);
			runOnlyForDeploymentPostprocessing = 0;
		};
/* End PBXSourcesBuildPhase section */

/* Begin PBXVariantGroup section */
		95FF23142589551800C78FDA /* LaunchScreen.storyboard */ = {
			isa = PBXVariantGroup;
			children = (
				95FF23152589551800C78FDA /* Base */,
			);
			name = LaunchScreen.storyboard;
			sourceTree = "<group>";
		};
/* End PBXVariantGroup section */

/* Begin XCBuildConfiguration section */
		95FF23182589551800C78FDA /* Debug */ = {
			isa = XCBuildConfiguration;
			buildSettings = {
				ALWAYS_SEARCH_USER_PATHS = NO;
				CLANG_ANALYZER_NONNULL = YES;
				CLANG_ANALYZER_NUMBER_OBJECT_CONVERSION = YES_AGGRESSIVE;
				CLANG_CXX_LANGUAGE_STANDARD = "gnu++14";
				CLANG_CXX_LIBRARY = "libc++";
				CLANG_ENABLE_MODULES = YES;
				CLANG_ENABLE_OBJC_ARC = YES;
				CLANG_ENABLE_OBJC_WEAK = YES;
				CLANG_WARN_BLOCK_CAPTURE_AUTORELEASING = YES;
				CLANG_WARN_BOOL_CONVERSION = YES;
				CLANG_WARN_COMMA = YES;
				CLANG_WARN_CONSTANT_CONVERSION = YES;
				CLANG_WARN_DEPRECATED_OBJC_IMPLEMENTATIONS = YES;
				CLANG_WARN_DIRECT_OBJC_ISA_USAGE = YES_ERROR;
				CLANG_WARN_DOCUMENTATION_COMMENTS = YES;
				CLANG_WARN_EMPTY_BODY = YES;
				CLANG_WARN_ENUM_CONVERSION = YES;
				CLANG_WARN_INFINITE_RECURSION = YES;
				CLANG_WARN_INT_CONVERSION = YES;
				CLANG_WARN_NON_LITERAL_NULL_CONVERSION = YES;
				CLANG_WARN_OBJC_IMPLICIT_RETAIN_SELF = YES;
				CLANG_WARN_OBJC_LITERAL_CONVERSION = YES;
				CLANG_WARN_OBJC_ROOT_CLASS = YES_ERROR;
				CLANG_WARN_RANGE_LOOP_ANALYSIS = YES;
				CLANG_WARN_STRICT_PROTOTYPES = YES;
				CLANG_WARN_SUSPICIOUS_MOVE = YES;
				CLANG_WARN_UNGUARDED_AVAILABILITY = YES_AGGRESSIVE;
				CLANG_WARN_UNREACHABLE_CODE = YES;
				CLANG_WARN__DUPLICATE_METHOD_MATCH = YES;
				COPY_PHASE_STRIP = NO;
				DEBUG_INFORMATION_FORMAT = dwarf;
				ENABLE_STRICT_OBJC_MSGSEND = YES;
				ENABLE_TESTABILITY = YES;
				GCC_C_LANGUAGE_STANDARD = gnu11;
				GCC_DYNAMIC_NO_PIC = NO;
				GCC_NO_COMMON_BLOCKS = YES;
				GCC_OPTIMIZATION_LEVEL = 0;
				GCC_PREPROCESSOR_DEFINITIONS = (
					"DEBUG=1",
					"$(inherited)",
				);
				GCC_WARN_64_TO_32_BIT_CONVERSION = YES;
				GCC_WARN_ABOUT_RETURN_TYPE = YES_ERROR;
				GCC_WARN_UNDECLARED_SELECTOR = YES;
				GCC_WARN_UNINITIALIZED_AUTOS = YES_AGGRESSIVE;
				GCC_WARN_UNUSED_FUNCTION = YES;
				GCC_WARN_UNUSED_VARIABLE = YES;
				IPHONEOS_DEPLOYMENT_TARGET = 13.5;
				MTL_ENABLE_DEBUG_INFO = INCLUDE_SOURCE;
				MTL_FAST_MATH = YES;
				ONLY_ACTIVE_ARCH = YES;
				SDKROOT = iphoneos;
				SWIFT_ACTIVE_COMPILATION_CONDITIONS = DEBUG;
				SWIFT_OPTIMIZATION_LEVEL = "-Onone";
			};
			name = Debug;
		};
		95FF23192589551800C78FDA /* Release */ = {
			isa = XCBuildConfiguration;
			buildSettings = {
				ALWAYS_SEARCH_USER_PATHS = NO;
				CLANG_ANALYZER_NONNULL = YES;
				CLANG_ANALYZER_NUMBER_OBJECT_CONVERSION = YES_AGGRESSIVE;
				CLANG_CXX_LANGUAGE_STANDARD = "gnu++14";
				CLANG_CXX_LIBRARY = "libc++";
				CLANG_ENABLE_MODULES = YES;
				CLANG_ENABLE_OBJC_ARC = YES;
				CLANG_ENABLE_OBJC_WEAK = YES;
				CLANG_WARN_BLOCK_CAPTURE_AUTORELEASING = YES;
				CLANG_WARN_BOOL_CONVERSION = YES;
				CLANG_WARN_COMMA = YES;
				CLANG_WARN_CONSTANT_CONVERSION = YES;
				CLANG_WARN_DEPRECATED_OBJC_IMPLEMENTATIONS = YES;
				CLANG_WARN_DIRECT_OBJC_ISA_USAGE = YES_ERROR;
				CLANG_WARN_DOCUMENTATION_COMMENTS = YES;
				CLANG_WARN_EMPTY_BODY = YES;
				CLANG_WARN_ENUM_CONVERSION = YES;
				CLANG_WARN_INFINITE_RECURSION = YES;
				CLANG_WARN_INT_CONVERSION = YES;
				CLANG_WARN_NON_LITERAL_NULL_CONVERSION = YES;
				CLANG_WARN_OBJC_IMPLICIT_RETAIN_SELF = YES;
				CLANG_WARN_OBJC_LITERAL_CONVERSION = YES;
				CLANG_WARN_OBJC_ROOT_CLASS = YES_ERROR;
				CLANG_WARN_RANGE_LOOP_ANALYSIS = YES;
				CLANG_WARN_STRICT_PROTOTYPES = YES;
				CLANG_WARN_SUSPICIOUS_MOVE = YES;
				CLANG_WARN_UNGUARDED_AVAILABILITY = YES_AGGRESSIVE;
				CLANG_WARN_UNREACHABLE_CODE = YES;
				CLANG_WARN__DUPLICATE_METHOD_MATCH = YES;
				COPY_PHASE_STRIP = NO;
				DEBUG_INFORMATION_FORMAT = "dwarf-with-dsym";
				ENABLE_NS_ASSERTIONS = NO;
				ENABLE_STRICT_OBJC_MSGSEND = YES;
				GCC_C_LANGUAGE_STANDARD = gnu11;
				GCC_NO_COMMON_BLOCKS = YES;
				GCC_WARN_64_TO_32_BIT_CONVERSION = YES;
				GCC_WARN_ABOUT_RETURN_TYPE = YES_ERROR;
				GCC_WARN_UNDECLARED_SELECTOR = YES;
				GCC_WARN_UNINITIALIZED_AUTOS = YES_AGGRESSIVE;
				GCC_WARN_UNUSED_FUNCTION = YES;
				GCC_WARN_UNUSED_VARIABLE = YES;
				IPHONEOS_DEPLOYMENT_TARGET = 13.5;
				MTL_ENABLE_DEBUG_INFO = NO;
				MTL_FAST_MATH = YES;
				SDKROOT = iphoneos;
				SWIFT_COMPILATION_MODE = wholemodule;
				SWIFT_OPTIMIZATION_LEVEL = "-O";
				VALIDATE_PRODUCT = YES;
			};
			name = Release;
		};
		95FF231B2589551800C78FDA /* Debug */ = {
			isa = XCBuildConfiguration;
			buildSettings = {
				ASSETCATALOG_COMPILER_APPICON_NAME = AppIcon;
				CODE_SIGN_STYLE = Automatic;
				DEVELOPMENT_TEAM = QHCQMQV2AX;
				INFOPLIST_FILE = IChat/Info.plist;
				LD_RUNPATH_SEARCH_PATHS = (
					"$(inherited)",
					"@executable_path/Frameworks",
				);
				PRODUCT_BUNDLE_IDENTIFIER = "-.IChat";
				PRODUCT_NAME = "$(TARGET_NAME)";
				SWIFT_VERSION = 5.0;
				TARGETED_DEVICE_FAMILY = "1,2";
			};
			name = Debug;
		};
		95FF231C2589551800C78FDA /* Release */ = {
			isa = XCBuildConfiguration;
			buildSettings = {
				ASSETCATALOG_COMPILER_APPICON_NAME = AppIcon;
				CODE_SIGN_STYLE = Automatic;
				DEVELOPMENT_TEAM = QHCQMQV2AX;
				INFOPLIST_FILE = IChat/Info.plist;
				LD_RUNPATH_SEARCH_PATHS = (
					"$(inherited)",
					"@executable_path/Frameworks",
				);
				PRODUCT_BUNDLE_IDENTIFIER = "-.IChat";
				PRODUCT_NAME = "$(TARGET_NAME)";
				SWIFT_VERSION = 5.0;
				TARGETED_DEVICE_FAMILY = "1,2";
			};
			name = Release;
		};
/* End XCBuildConfiguration section */

/* Begin XCConfigurationList section */
		95FF23012589551400C78FDA /* Build configuration list for PBXProject "IChat" */ = {
			isa = XCConfigurationList;
			buildConfigurations = (
				95FF23182589551800C78FDA /* Debug */,
				95FF23192589551800C78FDA /* Release */,
			);
			defaultConfigurationIsVisible = 0;
			defaultConfigurationName = Release;
		};
		95FF231A2589551800C78FDA /* Build configuration list for PBXNativeTarget "IChat" */ = {
			isa = XCConfigurationList;
			buildConfigurations = (
				95FF231B2589551800C78FDA /* Debug */,
				95FF231C2589551800C78FDA /* Release */,
			);
			defaultConfigurationIsVisible = 0;
			defaultConfigurationName = Release;
		};
/* End XCConfigurationList section */
	};
	rootObject = 95FF22FE2589551400C78FDA /* Project object */;
}
